dependencies:
- name: czertainly
  repository: oci://harbor.3key.company/czertainly-helm
  version: 2.14.0
- name: something
  repository: file://../something
  version: 0.1.0
digest: sha256:8db00c5f975e0db2f00b18db10943e9f0026650e553600664c9591490ced9646
generated: "2025-02-11T12:35:30.162974767+01:00"
