dependencies:
- name: czertainly
  repository: oci://harbor.3key.company/czertainly-helm
  version: 2.14.0
- name: something
  repository: file://../something
  version: 0.1.0
digest: sha256:63c0e4e3c7cf0677de871d071e8f757e16e4da3b17d72d619b66e4a38c725de5
generated: "2025-02-11T12:13:03.574305734+01:00"
